
Microsoft Visual Studio Solution File, Format Version 12.00
# Visual Studio Version 17
VisualStudioVersion = 17.5.002.0
MinimumVisualStudioVersion = 10.0.40219.1
Project("{9A19103F-16F7-4668-BE54-9A1E7A4F7556}") = "PizzaShopApp", "PizzaShopApp.csproj", "{3708740D-1307-4138-95B7-0B1E88A74134}"
EndProject
Project("{FAE04EC0-301F-11D3-BF4B-00C04F79EFBC}") = "DemoApp", "DemoApp\DemoApp.csproj", "{65647139-B7D4-4C1D-B709-6FCC98D66285}"
EndProject
Project("{FAE04EC0-301F-11D3-BF4B-00C04F79EFBC}") = "DEMO1", "DEMO1\DEMO1.csproj", "{2114B248-F15D-4BA0-A37C-3E5EB010F84F}"
EndProject
Global
	GlobalSection(SolutionConfigurationPlatforms) = preSolution
		Debug|Any CPU = Debug|Any CPU
		Release|Any CPU = Release|Any CPU
	EndGlobalSection
	GlobalSection(ProjectConfigurationPlatforms) = postSolution
		{3708740D-1307-4138-95B7-0B1E88A74134}.Debug|Any CPU.ActiveCfg = Debug|Any CPU
		{3708740D-1307-4138-95B7-0B1E88A74134}.Debug|Any CPU.Build.0 = Debug|Any CPU
		{3708740D-1307-4138-95B7-0B1E88A74134}.Release|Any CPU.ActiveCfg = Release|Any CPU
		{3708740D-1307-4138-95B7-0B1E88A74134}.Release|Any CPU.Build.0 = Release|Any CPU
		{65647139-B7D4-4C1D-B709-6FCC98D66285}.Debug|Any CPU.ActiveCfg = Debug|Any CPU
		{65647139-B7D4-4C1D-B709-6FCC98D66285}.Debug|Any CPU.Build.0 = Debug|Any CPU
		{65647139-B7D4-4C1D-B709-6FCC98D66285}.Release|Any CPU.ActiveCfg = Release|Any CPU
		{65647139-B7D4-4C1D-B709-6FCC98D66285}.Release|Any CPU.Build.0 = Release|Any CPU
		{2114B248-F15D-4BA0-A37C-3E5EB010F84F}.Debug|Any CPU.ActiveCfg = Debug|Any CPU
		{2114B248-F15D-4BA0-A37C-3E5EB010F84F}.Debug|Any CPU.Build.0 = Debug|Any CPU
		{2114B248-F15D-4BA0-A37C-3E5EB010F84F}.Release|Any CPU.ActiveCfg = Release|Any CPU
		{2114B248-F15D-4BA0-A37C-3E5EB010F84F}.Release|Any CPU.Build.0 = Release|Any CPU
	EndGlobalSection
	GlobalSection(SolutionProperties) = preSolution
		HideSolutionNode = FALSE
	EndGlobalSection
	GlobalSection(ExtensibilityGlobals) = postSolution
		SolutionGuid = {56FED36A-5AAC-404A-9209-6119B3DE1217}
	EndGlobalSection
EndGlobal
